
Microsoft Visual Studio Solution File, Format Version 12.00
# Visual Studio Version 16
VisualStudioVersion = 16.0.29230.47
MinimumVisualStudioVersion = 10.0.40219.1
Project("{FAE04EC0-301F-11D3-BF4B-00C04F79EFBC}") = "Bedrock+", "Bedrock+.csproj", "{8A5FA6E8-8228-4180-8BEE-0A186C2E6FA8}"
EndProject
Global
	GlobalSection(SolutionConfigurationPlatforms) = preSolution
		Debug|Any CPU = Debug|Any CPU
		Release|Any CPU = Release|Any CPU
	EndGlobalSection
	GlobalSection(ProjectConfigurationPlatforms) = postSolution
		{8A5FA6E8-8228-4180-8BEE-0A186C2E6FA8}.Debug|Any CPU.ActiveCfg = Debug|Any CPU
		{8A5FA6E8-8228-4180-8BEE-0A186C2E6FA8}.Debug|Any CPU.Build.0 = Debug|Any CPU
		{8A5FA6E8-8228-4180-8BEE-0A186C2E6FA8}.Release|Any CPU.ActiveCfg = Release|Any CPU
		{8A5FA6E8-8228-4180-8BEE-0A186C2E6FA8}.Release|Any CPU.Build.0 = Release|Any CPU
	EndGlobalSection
	GlobalSection(SolutionProperties) = preSolution
		HideSolutionNode = FALSE
	EndGlobalSection
	GlobalSection(ExtensibilityGlobals) = postSolution
		SolutionGuid = {927D6ADF-60EF-4BAF-B12F-67EA8EA583DC}
	EndGlobalSection
EndGlobal
